
Microsoft Visual Studio Solution File, Format Version 12.00
# Visual Studio Version 17
VisualStudioVersion = 17.11.35222.181
MinimumVisualStudioVersion = 10.0.40219.1
Project("{FAE04EC0-301F-11D3-BF4B-00C04F79EFBC}") = "EmployeeApp", "EmployeeApp\EmployeeApp.csproj", "{3DBB2211-502A-409B-A651-6662C8EAFF1B}"
EndProject
Global
	GlobalSection(SolutionConfigurationPlatforms) = preSolution
		Debug|Any CPU = Debug|Any CPU
		Release|Any CPU = Release|Any CPU
	EndGlobalSection
	GlobalSection(ProjectConfigurationPlatforms) = postSolution
		{3DBB2211-502A-409B-A651-6662C8EAFF1B}.Debug|Any CPU.ActiveCfg = Debug|Any CPU
		{3DBB2211-502A-409B-A651-6662C8EAFF1B}.Debug|Any CPU.Build.0 = Debug|Any CPU
		{3DBB2211-502A-409B-A651-6662C8EAFF1B}.Release|Any CPU.ActiveCfg = Release|Any CPU
		{3DBB2211-502A-409B-A651-6662C8EAFF1B}.Release|Any CPU.Build.0 = Release|Any CPU
	EndGlobalSection
	GlobalSection(SolutionProperties) = preSolution
		HideSolutionNode = FALSE
	EndGlobalSection
	GlobalSection(ExtensibilityGlobals) = postSolution
		SolutionGuid = {6E6BE0E9-E8E6-4447-A4A6-768F8F24B12B}
	EndGlobalSection
EndGlobal
